
Microsoft Visual Studio Solution File, Format Version 12.00
# Visual Studio 15
VisualStudioVersion = 15.0.27703.2047
MinimumVisualStudioVersion = 10.0.40219.1
Project("{FAE04EC0-301F-11D3-BF4B-00C04F79EFBC}") = "Roulette", "Roulette\Roulette.csproj", "{AA7CBC37-26F0-47E2-A121-5E639C9CAA94}"
EndProject
Global
	GlobalSection(SolutionConfigurationPlatforms) = preSolution
		Debug|Any CPU = Debug|Any CPU
		Release|Any CPU = Release|Any CPU
	EndGlobalSection
	GlobalSection(ProjectConfigurationPlatforms) = postSolution
		{AA7CBC37-26F0-47E2-A121-5E639C9CAA94}.Debug|Any CPU.ActiveCfg = Debug|Any CPU
		{AA7CBC37-26F0-47E2-A121-5E639C9CAA94}.Debug|Any CPU.Build.0 = Debug|Any CPU
		{AA7CBC37-26F0-47E2-A121-5E639C9CAA94}.Release|Any CPU.ActiveCfg = Release|Any CPU
		{AA7CBC37-26F0-47E2-A121-5E639C9CAA94}.Release|Any CPU.Build.0 = Release|Any CPU
	EndGlobalSection
	GlobalSection(SolutionProperties) = preSolution
		HideSolutionNode = FALSE
	EndGlobalSection
	GlobalSection(ExtensibilityGlobals) = postSolution
		SolutionGuid = {A67D395E-6F02-4F24-8F2D-F67EF437225A}
	EndGlobalSection
EndGlobal
